
Microsoft Visual Studio Solution File, Format Version 12.00
# Visual Studio Version 16
VisualStudioVersion = 16.0.31624.102
MinimumVisualStudioVersion = 10.0.40219.1
Project("{FAE04EC0-301F-11D3-BF4B-00C04F79EFBC}") = "TextAdventureGame", "TextAdventureGame\TextAdventureGame.csproj", "{B59B2F1E-DD47-4791-8F70-AC4A46DB21AF}"
EndProject
Project("{2150E333-8FDC-42A3-9474-1A3956D46DE8}") = "Solution Items", "Solution Items", "{DF5CDA4A-7D17-46EB-8471-EAD972CA00AE}"
	ProjectSection(SolutionItems) = preProject
		.gitignore = .gitignore
	EndProjectSection
EndProject
Global
	GlobalSection(SolutionConfigurationPlatforms) = preSolution
		Debug|Any CPU = Debug|Any CPU
		Release|Any CPU = Release|Any CPU
	EndGlobalSection
	GlobalSection(ProjectConfigurationPlatforms) = postSolution
		{B59B2F1E-DD47-4791-8F70-AC4A46DB21AF}.Debug|Any CPU.ActiveCfg = Debug|Any CPU
		{B59B2F1E-DD47-4791-8F70-AC4A46DB21AF}.Debug|Any CPU.Build.0 = Debug|Any CPU
		{B59B2F1E-DD47-4791-8F70-AC4A46DB21AF}.Release|Any CPU.ActiveCfg = Release|Any CPU
		{B59B2F1E-DD47-4791-8F70-AC4A46DB21AF}.Release|Any CPU.Build.0 = Release|Any CPU
	EndGlobalSection
	GlobalSection(SolutionProperties) = preSolution
		HideSolutionNode = FALSE
	EndGlobalSection
	GlobalSection(ExtensibilityGlobals) = postSolution
		SolutionGuid = {0DA66313-CD05-44C3-B624-599A98FFEF46}
	EndGlobalSection
EndGlobal
